
Microsoft Visual Studio Solution File, Format Version 12.00
# Visual Studio Version 17
VisualStudioVersion = 17.10.34916.146
MinimumVisualStudioVersion = 10.0.40219.1
Project("{8BC9CEB8-8B4A-11D0-8D11-00A0C91BC942}") = "Lab 6", "Lab 6\Lab 6.vcxproj", "{F588CCFC-5E78-4493-9BC2-29341398E879}"
EndProject
Global
	GlobalSection(SolutionConfigurationPlatforms) = preSolution
		Debug|x64 = Debug|x64
		Debug|x86 = Debug|x86
		Release|x64 = Release|x64
		Release|x86 = Release|x86
	EndGlobalSection
	GlobalSection(ProjectConfigurationPlatforms) = postSolution
		{F588CCFC-5E78-4493-9BC2-29341398E879}.Debug|x64.ActiveCfg = Debug|x64
		{F588CCFC-5E78-4493-9BC2-29341398E879}.Debug|x64.Build.0 = Debug|x64
		{F588CCFC-5E78-4493-9BC2-29341398E879}.Debug|x86.ActiveCfg = Debug|Win32
		{F588CCFC-5E78-4493-9BC2-29341398E879}.Debug|x86.Build.0 = Debug|Win32
		{F588CCFC-5E78-4493-9BC2-29341398E879}.Release|x64.ActiveCfg = Release|x64
		{F588CCFC-5E78-4493-9BC2-29341398E879}.Release|x64.Build.0 = Release|x64
		{F588CCFC-5E78-4493-9BC2-29341398E879}.Release|x86.ActiveCfg = Release|Win32
		{F588CCFC-5E78-4493-9BC2-29341398E879}.Release|x86.Build.0 = Release|Win32
	EndGlobalSection
	GlobalSection(SolutionProperties) = preSolution
		HideSolutionNode = FALSE
	EndGlobalSection
	GlobalSection(ExtensibilityGlobals) = postSolution
		SolutionGuid = {B174DC37-DE09-4579-8BD3-39CDD0D3FD54}
	EndGlobalSection
EndGlobal
